PODS:
  - ISListViewAdapter (0.0.1):
    - ISUtilities (~> 1.0)
  - ISUtilities (1.0.0)

DEPENDENCIES:
  - ISListViewAdapter (from `..`)

EXTERNAL SOURCES:
  ISListViewAdapter:
    :path: ..

SPEC CHECKSUMS:
  ISListViewAdapter: f2ed58a0a2b2b5663b0336c409688f7b1d60df8f
  ISUtilities: d63a71f4abb76cd71dadec41ad243e7421c27a2a

COCOAPODS: 0.29.0
