PODS:
  - ISListViewAdapter (1.0.0):
    - ISUtilities (~> 1.0)
  - ISUtilities (1.1.2):
    - ISUtilities/UIKit+ISUtilities (= 1.1.2)
  - ISUtilities/UIKit+ISUtilities (1.1.2)

DEPENDENCIES:
  - ISListViewAdapter (from `..`)
  - ISUtilities

EXTERNAL SOURCES:
  ISListViewAdapter:
    :path: ..

SPEC CHECKSUMS:
  ISListViewAdapter: 86dc50ab3db5ca4d429bd7497b57d9b74412eb36
  ISUtilities: c74e96ea536826bc8f4b38133d825c2a3b7dc1fa

COCOAPODS: 0.37.2
