PODS:
  - ISListViewAdapter (1.0.0):
    - ISUtilities (~> 1.0)
  - ISUtilities (1.1.2):
    - ISUtilities/UIKit+ISUtilities (= 1.1.2)
  - ISUtilities/UIKit+ISUtilities (1.1.2)

DEPENDENCIES:
  - ISListViewAdapter (from `..`)
  - ISUtilities

EXTERNAL SOURCES:
  ISListViewAdapter:
    :path: ..

SPEC CHECKSUMS:
  ISListViewAdapter: d566e57c41f80ec64983cac5ce4ae38a33c39070
  ISUtilities: c74e96ea536826bc8f4b38133d825c2a3b7dc1fa

COCOAPODS: 0.35.0
